{
    "_readme": [
        "This file locks the dependencies of your project to a known state",
        "Read more about it at https://getcomposer.org/doc/01-basic-usage.md#composer-lock-the-lock-file",
        "This file is @generated automatically"
    ],
    "content-hash": "44b35310e971755d5817fb6570b8fe1f",
    "packages": [
        {
            "name": "twilio/sdk",
            "version": "5.8.0-alpha1",
            "source": {
                "type": "git",
                "url": "https://github.com/twilio/twilio-php.git",
                "reference": "860db9bafd3be6e65d37418370836f52529da045"
            },
            "dist": {
                "type": "zip",
                "url": "https://api.github.com/repos/twilio/twilio-php/zipball/860db9bafd3be6e65d37418370836f52529da045",
                "reference": "860db9bafd3be6e65d37418370836f52529da045",
                "shasum": ""
            },
            "require": {
                "php": ">=5.3.0"
            },
            "require-dev": {
                "apigen/apigen": "^4.1",
                "phpunit/phpunit": "4.5.*"
            },
            "type": "library",
            "autoload": {
                "psr-4": {
                    "Twilio\\": "Twilio/"
                }
            },
            "notification-url": "https://packagist.org/downloads/",
            "license": [
                "MIT"
            ],
            "authors": [
                {
                    "name": "Twilio API Team",
                    "email": "api@twilio.com"
                }
            ],
            "description": "A PHP wrapper for Twilio's API",
            "homepage": "http://github.com/twilio/twilio-php",
            "keywords": [
                "api",
                "sms",
                "twilio"
            ],
            "time": "2017-04-27T11:02:42+00:00"
        }
    ],
    "packages-dev": [],
    "aliases": [],
    "minimum-stability": "stable",
    "stability-flags": {
        "twilio/sdk": 15
    },
    "prefer-stable": false,
    "prefer-lowest": false,
    "platform": [],
    "platform-dev": []
}
